<?xml version="1.0" encoding="utf-8"?>
<Project ToolsVersion="4.0" xmlns="http://schemas.microsoft.com/developer/msbuild/2003">
  <ItemGroup>
    <Filter Include="Source Files">
      <UniqueIdentifier>{4FC737F1-C7A5-4376-A066-2A32D752A2FF}</UniqueIdentifier>
      <Extensions>cpp;c;cc;cxx;def;odl;idl;hpj;bat;asm;asmx</Extensions>
    </Filter>
    <Filter Include="Header Files">
      <UniqueIdentifier>{93995380-89BD-4b04-88EB-625FBE52EBFB}</UniqueIdentifier>
      <Extensions>h;hpp;hxx;hm;inl;inc;xsd</Extensions>
    </Filter>
    <Filter Include="Resource Files">
      <UniqueIdentifier>{67DA6AB6-F800-4c08-8B7A-83BB121AAD01}</UniqueIdentifier>
      <Extensions>rc;ico;cur;bmp;dlg;rc2;rct;bin;rgs;gif;jpg;jpeg;jpe;resx;tiff;tif;png;wav;mfcribbon-ms</Extensions>
    </Filter>
  </ItemGroup>
  <ItemGroup>
    <ClCompile Include="ui_display.cpp">
      <Filter>Source Files</Filter>
    </ClCompile>
    <ClCompile Include="ui_convert.cpp">
      <Filter>Source Files</Filter>
    </ClCompile>
    <ClCompile Include="main.cpp">
      <Filter>Source Files</Filter>
    </ClCompile>
    <ClCompile Include="logic_parser.cpp">
      <Filter>Source Files</Filter>
    </ClCompile>
    <ClCompile Include="logic_task.cpp">
      <Filter>Source Files</Filter>
    </ClCompile>
    <ClCompile Include="logic_task_deadline.cpp">
      <Filter>Source Files</Filter>
    </ClCompile>
    <ClCompile Include="logic_task_floating.cpp">
      <Filter>Source Files</Filter>
    </ClCompile>
    <ClCompile Include="logic_task_list.cpp">
      <Filter>Source Files</Filter>
    </ClCompile>
    <ClCompile Include="logic_task_timed.cpp">
      <Filter>Source Files</Filter>
    </ClCompile>
    <ClCompile Include="storage.cpp">
      <Filter>Source Files</Filter>
    </ClCompile>
    <ClCompile Include="logic_executor.cpp">
      <Filter>Source Files</Filter>
    </ClCompile>
  </ItemGroup>
  <ItemGroup>
    <ClInclude Include="ui_display.h">
      <Filter>Header Files</Filter>
    </ClInclude>
    <ClInclude Include="ui_convert.h">
      <Filter>Header Files</Filter>
    </ClInclude>
    <ClInclude Include="common_message.h">
      <Filter>Header Files</Filter>
    </ClInclude>
    <ClInclude Include="logic_parser.h">
      <Filter>Header Files</Filter>
    </ClInclude>
    <ClInclude Include="logic_task.h">
      <Filter>Header Files</Filter>
    </ClInclude>
    <ClInclude Include="logic_task_deadline.h">
      <Filter>Header Files</Filter>
    </ClInclude>
    <ClInclude Include="logic_task_floating.h">
      <Filter>Header Files</Filter>
    </ClInclude>
    <ClInclude Include="logic_task_list.h">
      <Filter>Header Files</Filter>
    </ClInclude>
    <ClInclude Include="logic_task_timed.h">
      <Filter>Header Files</Filter>
    </ClInclude>
    <ClInclude Include="storage.h">
      <Filter>Header Files</Filter>
    </ClInclude>
    <ClInclude Include="logic_executor.h">
      <Filter>Header Files</Filter>
    </ClInclude>
  </ItemGroup>
  <ItemGroup>
    <EmbeddedResource Include="ui_display.resx">
      <Filter>Resource Files</Filter>
    </EmbeddedResource>
  </ItemGroup>
</Project>